<Solution>
  <Project Path="ElektriKalkulaator.ApplicationServices/ElektriKalkulaator.ApplicationServices.csproj" />
  <Project Path="ElektriKalkulaator.Core/ElektriKalkulaator.Core.csproj" />
  <Project Path="ElektriKalkulaator.Data/ElektriKalkulaator.Data.csproj" />
  <Project Path="ElektriKalkulaator/ElektriKalkulaator.csproj" />
</Solution>
